
Microsoft Visual Studio Solution File, Format Version 12.00
# Visual Studio Version 17
VisualStudioVersion = 17.3.32901.215
MinimumVisualStudioVersion = 10.0.40219.1
Project("{9A19103F-16F7-4668-BE54-9A1E7A4F7556}") = "Avesta.Storage", "src\Avesta.Storage\Avesta.Storage.csproj", "{57A700BB-EC08-4220-A0F5-BF60D5E23E20}"
EndProject
Project("{9A19103F-16F7-4668-BE54-9A1E7A4F7556}") = "Avesta.Share", "src\Avesta.Share\Avesta.Share.csproj", "{7A42C81F-7E74-4AA6-A774-6E9DEC55B937}"
EndProject
Project("{9A19103F-16F7-4668-BE54-9A1E7A4F7556}") = "Avesta.Services", "src\Avesta.Services\Avesta.Services.csproj", "{BAE1C3BA-73DB-47CE-B2A4-F69FDC26B062}"
EndProject
Project("{9A19103F-16F7-4668-BE54-9A1E7A4F7556}") = "Avesta.Seed", "src\Avesta.Seed\Avesta.Seed.csproj", "{61D86D29-7F0F-49D5-95F9-FA2B8235A3EC}"
EndProject
Project("{9A19103F-16F7-4668-BE54-9A1E7A4F7556}") = "Avesta.Repository", "src\Avesta.Repository\Avesta.Repository.csproj", "{E646841C-72DF-4F0F-BCB1-B1D321CA35BC}"
EndProject
Project("{9A19103F-16F7-4668-BE54-9A1E7A4F7556}") = "Avesta.Model", "src\Avesta.Model\Avesta.Model.csproj", "{1AC36A5A-8CCA-4E8A-AB64-7C7F9D68EBCB}"
EndProject
Project("{9A19103F-16F7-4668-BE54-9A1E7A4F7556}") = "Avesta.MiddleWare", "src\Avesta.MiddleWare\Avesta.MiddleWare.csproj", "{AB823F6A-BEC7-40A4-A8A9-E082C1033F37}"
EndProject
Project("{9A19103F-16F7-4668-BE54-9A1E7A4F7556}") = "Avesta.Mapper", "src\Avesta.Mapper\Avesta.Mapper.csproj", "{A8B77B23-1B29-402C-8452-1BB277BB4AF2}"
EndProject
Project("{9A19103F-16F7-4668-BE54-9A1E7A4F7556}") = "Avesta.Logging", "src\Avesta.Logging\Avesta.Logging.csproj", "{1A7E6419-AC37-4E98-9249-61D338E3D815}"
EndProject
Project("{9A19103F-16F7-4668-BE54-9A1E7A4F7556}") = "Avesta.Language", "src\Avesta.Language\Avesta.Language.csproj", "{EA80655C-640D-4806-A4AD-D00525C9B48A}"
EndProject
Project("{9A19103F-16F7-4668-BE54-9A1E7A4F7556}") = "Avesta.HTTP", "src\Avesta.HTTP\Avesta.HTTP.csproj", "{74B1B413-9A32-46CA-AF4F-3CF5DF778831}"
EndProject
Project("{9A19103F-16F7-4668-BE54-9A1E7A4F7556}") = "Avesta.Global", "src\Avesta.Global\Avesta.Global.csproj", "{BA0DA26D-0D98-4858-88DA-FEFF5E5118D6}"
EndProject
Project("{9A19103F-16F7-4668-BE54-9A1E7A4F7556}") = "Avesta.Exceptions", "src\Avesta.Exceptions\Avesta.Exceptions.csproj", "{34C17E14-1BBA-4234-A0EB-7D823C4635C4}"
EndProject
Project("{9A19103F-16F7-4668-BE54-9A1E7A4F7556}") = "Avesta.Data", "src\Avesta.Data\Avesta.Data.csproj", "{9496CAA4-98AF-459F-9284-CC67A144CBC5}"
EndProject
Project("{9A19103F-16F7-4668-BE54-9A1E7A4F7556}") = "Avesta.Controller", "src\Avesta.Controller\Avesta.Controller.csproj", "{64BA399A-822E-4BE7-9019-89F2E022EFE7}"
EndProject
Project("{9A19103F-16F7-4668-BE54-9A1E7A4F7556}") = "Avesta.CLI", "src\Avesta.CLI\Avesta.CLI.csproj", "{23558C2F-7F00-4F1D-85C4-A44797A3C5AF}"
EndProject
Project("{9A19103F-16F7-4668-BE54-9A1E7A4F7556}") = "Avesta.Auth", "src\Avesta.Auth\Avesta.Auth.csproj", "{D76828E4-7840-440D-A5E5-801192C1B1F0}"
EndProject
Project("{9A19103F-16F7-4668-BE54-9A1E7A4F7556}") = "Avesta.Attribute", "src\Avesta.Attribute\Avesta.Attribute.csproj", "{634055DB-73A6-4951-841B-5F4EAF15B64A}"
EndProject
Project("{9A19103F-16F7-4668-BE54-9A1E7A4F7556}") = "Avesta", "src\Avesta\Avesta.csproj", "{40FEED85-FB28-44BA-8CA1-456692BFA634}"
EndProject
Project("{2150E333-8FDC-42A3-9474-1A3956D46DE8}") = "Solution Items", "Solution Items", "{0DEE2BA5-A64B-4DF3-A0E7-475140B37946}"
	ProjectSection(SolutionItems) = preProject
		.gitattributes = .gitattributes
		.gitignore = .gitignore
		LICENSE = LICENSE
		README.md = README.md
	EndProjectSection
EndProject
Project("{9A19103F-16F7-4668-BE54-9A1E7A4F7556}") = "Avesta.DependencyInjection", "src\Avesta.DependencyInjection\Avesta.DependencyInjection.csproj", "{D108048F-447B-433F-9E36-80B33C5B4410}"
EndProject
Project("{9A19103F-16F7-4668-BE54-9A1E7A4F7556}") = "Avesta.BlockChain", "src\Avesta.BlockChain\Avesta.BlockChain.csproj", "{23E682AF-4064-4580-9DA6-614EB51784A6}"
EndProject
Project("{2150E333-8FDC-42A3-9474-1A3956D46DE8}") = ".github", ".github", "{9EB69684-42E1-48E7-8D15-AE807D496C5B}"
EndProject
Project("{2150E333-8FDC-42A3-9474-1A3956D46DE8}") = "workflows", "workflows", "{B45124D0-BFD9-4A92-8DAB-2CD5FECA2E6B}"
	ProjectSection(SolutionItems) = preProject
		.github\workflows\build.yml = .github\workflows\build.yml
		.github\workflows\test.yml = .github\workflows\test.yml
	EndProjectSection
EndProject
Project("{2150E333-8FDC-42A3-9474-1A3956D46DE8}") = "test", "test", "{F84365A6-1B0C-4A92-8FAE-9E819605C654}"
EndProject
Project("{9A19103F-16F7-4668-BE54-9A1E7A4F7556}") = "Avesta.Repository.Test", "test\Avesta.Repository.Test\Avesta.Repository.Test.csproj", "{09E6971D-CC17-478B-A8DE-B5CF8EEB6423}"
EndProject
Project("{9A19103F-16F7-4668-BE54-9A1E7A4F7556}") = "Avesta.Repository.Test.Src", "test\Avesta.Repository.Test.Src\Avesta.Repository.Test.Src.csproj", "{B2530F7E-12B0-45AC-841D-2F3F5DD57633}"
EndProject
Project("{9A19103F-16F7-4668-BE54-9A1E7A4F7556}") = "Avesta.Constant", "src\Avesta.Constant\Avesta.Constant.csproj", "{8D245F92-FDE3-4D30-BBFE-30DA589ACE68}"
EndProject
Project("{9A19103F-16F7-4668-BE54-9A1E7A4F7556}") = "Avesta.Graph", "src\Avesta.Graph\Avesta.Graph.csproj", "{FAA43CF5-C5FD-4A16-80C9-611F9E3EF5A2}"
EndProject
Global
	GlobalSection(SolutionConfigurationPlatforms) = preSolution
		Debug|Any CPU = Debug|Any CPU
		Release|Any CPU = Release|Any CPU
	EndGlobalSection
	GlobalSection(ProjectConfigurationPlatforms) = postSolution
		{57A700BB-EC08-4220-A0F5-BF60D5E23E20}.Debug|Any CPU.ActiveCfg = Debug|Any CPU
		{57A700BB-EC08-4220-A0F5-BF60D5E23E20}.Debug|Any CPU.Build.0 = Debug|Any CPU
		{57A700BB-EC08-4220-A0F5-BF60D5E23E20}.Release|Any CPU.ActiveCfg = Release|Any CPU
		{57A700BB-EC08-4220-A0F5-BF60D5E23E20}.Release|Any CPU.Build.0 = Release|Any CPU
		{7A42C81F-7E74-4AA6-A774-6E9DEC55B937}.Debug|Any CPU.ActiveCfg = Debug|Any CPU
		{7A42C81F-7E74-4AA6-A774-6E9DEC55B937}.Debug|Any CPU.Build.0 = Debug|Any CPU
		{7A42C81F-7E74-4AA6-A774-6E9DEC55B937}.Release|Any CPU.ActiveCfg = Release|Any CPU
		{7A42C81F-7E74-4AA6-A774-6E9DEC55B937}.Release|Any CPU.Build.0 = Release|Any CPU
		{BAE1C3BA-73DB-47CE-B2A4-F69FDC26B062}.Debug|Any CPU.ActiveCfg = Debug|Any CPU
		{BAE1C3BA-73DB-47CE-B2A4-F69FDC26B062}.Debug|Any CPU.Build.0 = Debug|Any CPU
		{BAE1C3BA-73DB-47CE-B2A4-F69FDC26B062}.Release|Any CPU.ActiveCfg = Release|Any CPU
		{BAE1C3BA-73DB-47CE-B2A4-F69FDC26B062}.Release|Any CPU.Build.0 = Release|Any CPU
		{61D86D29-7F0F-49D5-95F9-FA2B8235A3EC}.Debug|Any CPU.ActiveCfg = Debug|Any CPU
		{61D86D29-7F0F-49D5-95F9-FA2B8235A3EC}.Debug|Any CPU.Build.0 = Debug|Any CPU
		{61D86D29-7F0F-49D5-95F9-FA2B8235A3EC}.Release|Any CPU.ActiveCfg = Release|Any CPU
		{61D86D29-7F0F-49D5-95F9-FA2B8235A3EC}.Release|Any CPU.Build.0 = Release|Any CPU
		{E646841C-72DF-4F0F-BCB1-B1D321CA35BC}.Debug|Any CPU.ActiveCfg = Debug|Any CPU
		{E646841C-72DF-4F0F-BCB1-B1D321CA35BC}.Debug|Any CPU.Build.0 = Debug|Any CPU
		{E646841C-72DF-4F0F-BCB1-B1D321CA35BC}.Release|Any CPU.ActiveCfg = Release|Any CPU
		{E646841C-72DF-4F0F-BCB1-B1D321CA35BC}.Release|Any CPU.Build.0 = Release|Any CPU
		{1AC36A5A-8CCA-4E8A-AB64-7C7F9D68EBCB}.Debug|Any CPU.ActiveCfg = Debug|Any CPU
		{1AC36A5A-8CCA-4E8A-AB64-7C7F9D68EBCB}.Debug|Any CPU.Build.0 = Debug|Any CPU
		{1AC36A5A-8CCA-4E8A-AB64-7C7F9D68EBCB}.Release|Any CPU.ActiveCfg = Release|Any CPU
		{1AC36A5A-8CCA-4E8A-AB64-7C7F9D68EBCB}.Release|Any CPU.Build.0 = Release|Any CPU
		{AB823F6A-BEC7-40A4-A8A9-E082C1033F37}.Debug|Any CPU.ActiveCfg = Debug|Any CPU
		{AB823F6A-BEC7-40A4-A8A9-E082C1033F37}.Debug|Any CPU.Build.0 = Debug|Any CPU
		{AB823F6A-BEC7-40A4-A8A9-E082C1033F37}.Release|Any CPU.ActiveCfg = Release|Any CPU
		{AB823F6A-BEC7-40A4-A8A9-E082C1033F37}.Release|Any CPU.Build.0 = Release|Any CPU
		{A8B77B23-1B29-402C-8452-1BB277BB4AF2}.Debug|Any CPU.ActiveCfg = Debug|Any CPU
		{A8B77B23-1B29-402C-8452-1BB277BB4AF2}.Debug|Any CPU.Build.0 = Debug|Any CPU
		{A8B77B23-1B29-402C-8452-1BB277BB4AF2}.Release|Any CPU.ActiveCfg = Release|Any CPU
		{A8B77B23-1B29-402C-8452-1BB277BB4AF2}.Release|Any CPU.Build.0 = Release|Any CPU
		{1A7E6419-AC37-4E98-9249-61D338E3D815}.Debug|Any CPU.ActiveCfg = Debug|Any CPU
		{1A7E6419-AC37-4E98-9249-61D338E3D815}.Debug|Any CPU.Build.0 = Debug|Any CPU
		{1A7E6419-AC37-4E98-9249-61D338E3D815}.Release|Any CPU.ActiveCfg = Release|Any CPU
		{1A7E6419-AC37-4E98-9249-61D338E3D815}.Release|Any CPU.Build.0 = Release|Any CPU
		{EA80655C-640D-4806-A4AD-D00525C9B48A}.Debug|Any CPU.ActiveCfg = Debug|Any CPU
		{EA80655C-640D-4806-A4AD-D00525C9B48A}.Debug|Any CPU.Build.0 = Debug|Any CPU
		{EA80655C-640D-4806-A4AD-D00525C9B48A}.Release|Any CPU.ActiveCfg = Release|Any CPU
		{EA80655C-640D-4806-A4AD-D00525C9B48A}.Release|Any CPU.Build.0 = Release|Any CPU
		{74B1B413-9A32-46CA-AF4F-3CF5DF778831}.Debug|Any CPU.ActiveCfg = Debug|Any CPU
		{74B1B413-9A32-46CA-AF4F-3CF5DF778831}.Debug|Any CPU.Build.0 = Debug|Any CPU
		{74B1B413-9A32-46CA-AF4F-3CF5DF778831}.Release|Any CPU.ActiveCfg = Release|Any CPU
		{74B1B413-9A32-46CA-AF4F-3CF5DF778831}.Release|Any CPU.Build.0 = Release|Any CPU
		{BA0DA26D-0D98-4858-88DA-FEFF5E5118D6}.Debug|Any CPU.ActiveCfg = Debug|Any CPU
		{BA0DA26D-0D98-4858-88DA-FEFF5E5118D6}.Debug|Any CPU.Build.0 = Debug|Any CPU
		{BA0DA26D-0D98-4858-88DA-FEFF5E5118D6}.Release|Any CPU.ActiveCfg = Release|Any CPU
		{BA0DA26D-0D98-4858-88DA-FEFF5E5118D6}.Release|Any CPU.Build.0 = Release|Any CPU
		{34C17E14-1BBA-4234-A0EB-7D823C4635C4}.Debug|Any CPU.ActiveCfg = Debug|Any CPU
		{34C17E14-1BBA-4234-A0EB-7D823C4635C4}.Debug|Any CPU.Build.0 = Debug|Any CPU
		{34C17E14-1BBA-4234-A0EB-7D823C4635C4}.Release|Any CPU.ActiveCfg = Release|Any CPU
		{34C17E14-1BBA-4234-A0EB-7D823C4635C4}.Release|Any CPU.Build.0 = Release|Any CPU
		{9496CAA4-98AF-459F-9284-CC67A144CBC5}.Debug|Any CPU.ActiveCfg = Debug|Any CPU
		{9496CAA4-98AF-459F-9284-CC67A144CBC5}.Debug|Any CPU.Build.0 = Debug|Any CPU
		{9496CAA4-98AF-459F-9284-CC67A144CBC5}.Release|Any CPU.ActiveCfg = Release|Any CPU
		{9496CAA4-98AF-459F-9284-CC67A144CBC5}.Release|Any CPU.Build.0 = Release|Any CPU
		{64BA399A-822E-4BE7-9019-89F2E022EFE7}.Debug|Any CPU.ActiveCfg = Debug|Any CPU
		{64BA399A-822E-4BE7-9019-89F2E022EFE7}.Debug|Any CPU.Build.0 = Debug|Any CPU
		{64BA399A-822E-4BE7-9019-89F2E022EFE7}.Release|Any CPU.ActiveCfg = Release|Any CPU
		{64BA399A-822E-4BE7-9019-89F2E022EFE7}.Release|Any CPU.Build.0 = Release|Any CPU
		{23558C2F-7F00-4F1D-85C4-A44797A3C5AF}.Debug|Any CPU.ActiveCfg = Debug|Any CPU
		{23558C2F-7F00-4F1D-85C4-A44797A3C5AF}.Debug|Any CPU.Build.0 = Debug|Any CPU
		{23558C2F-7F00-4F1D-85C4-A44797A3C5AF}.Release|Any CPU.ActiveCfg = Release|Any CPU
		{23558C2F-7F00-4F1D-85C4-A44797A3C5AF}.Release|Any CPU.Build.0 = Release|Any CPU
		{D76828E4-7840-440D-A5E5-801192C1B1F0}.Debug|Any CPU.ActiveCfg = Debug|Any CPU
		{D76828E4-7840-440D-A5E5-801192C1B1F0}.Debug|Any CPU.Build.0 = Debug|Any CPU
		{D76828E4-7840-440D-A5E5-801192C1B1F0}.Release|Any CPU.ActiveCfg = Release|Any CPU
		{D76828E4-7840-440D-A5E5-801192C1B1F0}.Release|Any CPU.Build.0 = Release|Any CPU
		{634055DB-73A6-4951-841B-5F4EAF15B64A}.Debug|Any CPU.ActiveCfg = Debug|Any CPU
		{634055DB-73A6-4951-841B-5F4EAF15B64A}.Debug|Any CPU.Build.0 = Debug|Any CPU
		{634055DB-73A6-4951-841B-5F4EAF15B64A}.Release|Any CPU.ActiveCfg = Release|Any CPU
		{634055DB-73A6-4951-841B-5F4EAF15B64A}.Release|Any CPU.Build.0 = Release|Any CPU
		{40FEED85-FB28-44BA-8CA1-456692BFA634}.Debug|Any CPU.ActiveCfg = Debug|Any CPU
		{40FEED85-FB28-44BA-8CA1-456692BFA634}.Debug|Any CPU.Build.0 = Debug|Any CPU
		{40FEED85-FB28-44BA-8CA1-456692BFA634}.Release|Any CPU.ActiveCfg = Release|Any CPU
		{40FEED85-FB28-44BA-8CA1-456692BFA634}.Release|Any CPU.Build.0 = Release|Any CPU
		{D108048F-447B-433F-9E36-80B33C5B4410}.Debug|Any CPU.ActiveCfg = Debug|Any CPU
		{D108048F-447B-433F-9E36-80B33C5B4410}.Debug|Any CPU.Build.0 = Debug|Any CPU
		{D108048F-447B-433F-9E36-80B33C5B4410}.Release|Any CPU.ActiveCfg = Release|Any CPU
		{D108048F-447B-433F-9E36-80B33C5B4410}.Release|Any CPU.Build.0 = Release|Any CPU
		{23E682AF-4064-4580-9DA6-614EB51784A6}.Debug|Any CPU.ActiveCfg = Debug|Any CPU
		{23E682AF-4064-4580-9DA6-614EB51784A6}.Debug|Any CPU.Build.0 = Debug|Any CPU
		{23E682AF-4064-4580-9DA6-614EB51784A6}.Release|Any CPU.ActiveCfg = Release|Any CPU
		{23E682AF-4064-4580-9DA6-614EB51784A6}.Release|Any CPU.Build.0 = Release|Any CPU
		{09E6971D-CC17-478B-A8DE-B5CF8EEB6423}.Debug|Any CPU.ActiveCfg = Debug|Any CPU
		{09E6971D-CC17-478B-A8DE-B5CF8EEB6423}.Debug|Any CPU.Build.0 = Debug|Any CPU
		{09E6971D-CC17-478B-A8DE-B5CF8EEB6423}.Release|Any CPU.ActiveCfg = Release|Any CPU
		{09E6971D-CC17-478B-A8DE-B5CF8EEB6423}.Release|Any CPU.Build.0 = Release|Any CPU
		{B2530F7E-12B0-45AC-841D-2F3F5DD57633}.Debug|Any CPU.ActiveCfg = Debug|Any CPU
		{B2530F7E-12B0-45AC-841D-2F3F5DD57633}.Debug|Any CPU.Build.0 = Debug|Any CPU
		{B2530F7E-12B0-45AC-841D-2F3F5DD57633}.Release|Any CPU.ActiveCfg = Release|Any CPU
		{B2530F7E-12B0-45AC-841D-2F3F5DD57633}.Release|Any CPU.Build.0 = Release|Any CPU
		{8D245F92-FDE3-4D30-BBFE-30DA589ACE68}.Debug|Any CPU.ActiveCfg = Debug|Any CPU
		{8D245F92-FDE3-4D30-BBFE-30DA589ACE68}.Debug|Any CPU.Build.0 = Debug|Any CPU
		{8D245F92-FDE3-4D30-BBFE-30DA589ACE68}.Release|Any CPU.ActiveCfg = Release|Any CPU
		{8D245F92-FDE3-4D30-BBFE-30DA589ACE68}.Release|Any CPU.Build.0 = Release|Any CPU
		{FAA43CF5-C5FD-4A16-80C9-611F9E3EF5A2}.Debug|Any CPU.ActiveCfg = Debug|Any CPU
		{FAA43CF5-C5FD-4A16-80C9-611F9E3EF5A2}.Debug|Any CPU.Build.0 = Debug|Any CPU
		{FAA43CF5-C5FD-4A16-80C9-611F9E3EF5A2}.Release|Any CPU.ActiveCfg = Release|Any CPU
		{FAA43CF5-C5FD-4A16-80C9-611F9E3EF5A2}.Release|Any CPU.Build.0 = Release|Any CPU
	EndGlobalSection
	GlobalSection(SolutionProperties) = preSolution
		HideSolutionNode = FALSE
	EndGlobalSection
	GlobalSection(NestedProjects) = preSolution
		{B45124D0-BFD9-4A92-8DAB-2CD5FECA2E6B} = {9EB69684-42E1-48E7-8D15-AE807D496C5B}
		{09E6971D-CC17-478B-A8DE-B5CF8EEB6423} = {F84365A6-1B0C-4A92-8FAE-9E819605C654}
		{B2530F7E-12B0-45AC-841D-2F3F5DD57633} = {F84365A6-1B0C-4A92-8FAE-9E819605C654}
	EndGlobalSection
	GlobalSection(ExtensibilityGlobals) = postSolution
		SolutionGuid = {8259D7C8-8DB5-4A11-B128-83667EF52388}
	EndGlobalSection
EndGlobal
