
Microsoft Visual Studio Solution File, Format Version 12.00
# Visual Studio Version 17
VisualStudioVersion = 17.3.32901.215
MinimumVisualStudioVersion = 10.0.40219.1
Project("{9A19103F-16F7-4668-BE54-9A1E7A4F7556}") = "Avesta.Storage", "src\Avesta.Storage\Avesta.Storage.csproj", "{57A700BB-EC08-4220-A0F5-BF60D5E23E20}"
EndProject
Project("{9A19103F-16F7-4668-BE54-9A1E7A4F7556}") = "Avesta.Share", "src\Avesta.Share\Avesta.Share.csproj", "{7A42C81F-7E74-4AA6-A774-6E9DEC55B937}"
EndProject
Project("{9A19103F-16F7-4668-BE54-9A1E7A4F7556}") = "Avesta.Seed", "src\Avesta.Seed\Avesta.Seed.csproj", "{61D86D29-7F0F-49D5-95F9-FA2B8235A3EC}"
EndProject
Project("{9A19103F-16F7-4668-BE54-9A1E7A4F7556}") = "Avesta.Model", "src\Avesta.Model\Avesta.Model.csproj", "{1AC36A5A-8CCA-4E8A-AB64-7C7F9D68EBCB}"
EndProject
Project("{9A19103F-16F7-4668-BE54-9A1E7A4F7556}") = "Avesta.MiddleWare", "src\Avesta.MiddleWare\Avesta.MiddleWare.csproj", "{AB823F6A-BEC7-40A4-A8A9-E082C1033F37}"
EndProject
Project("{9A19103F-16F7-4668-BE54-9A1E7A4F7556}") = "Avesta.Mapper", "src\Avesta.Mapper\Avesta.Mapper.csproj", "{A8B77B23-1B29-402C-8452-1BB277BB4AF2}"
EndProject
Project("{9A19103F-16F7-4668-BE54-9A1E7A4F7556}") = "Avesta.Logging", "src\Avesta.Logging\Avesta.Logging.csproj", "{1A7E6419-AC37-4E98-9249-61D338E3D815}"
EndProject
Project("{9A19103F-16F7-4668-BE54-9A1E7A4F7556}") = "Avesta.Language", "src\Avesta.Language\Avesta.Language.csproj", "{EA80655C-640D-4806-A4AD-D00525C9B48A}"
EndProject
Project("{9A19103F-16F7-4668-BE54-9A1E7A4F7556}") = "Avesta.HTTP", "src\Avesta.HTTP\Avesta.HTTP.csproj", "{74B1B413-9A32-46CA-AF4F-3CF5DF778831}"
EndProject
Project("{9A19103F-16F7-4668-BE54-9A1E7A4F7556}") = "Avesta.Global", "src\Avesta.Global\Avesta.Global.csproj", "{BA0DA26D-0D98-4858-88DA-FEFF5E5118D6}"
EndProject
Project("{9A19103F-16F7-4668-BE54-9A1E7A4F7556}") = "Avesta.Exceptions", "src\Avesta.Exceptions\Avesta.Exceptions.csproj", "{34C17E14-1BBA-4234-A0EB-7D823C4635C4}"
EndProject
Project("{9A19103F-16F7-4668-BE54-9A1E7A4F7556}") = "Avesta.CLI", "src\Avesta.CLI\Avesta.CLI.csproj", "{23558C2F-7F00-4F1D-85C4-A44797A3C5AF}"
EndProject
Project("{9A19103F-16F7-4668-BE54-9A1E7A4F7556}") = "Avesta.Attribute", "src\Avesta.Attribute\Avesta.Attribute.csproj", "{634055DB-73A6-4951-841B-5F4EAF15B64A}"
EndProject
Project("{9A19103F-16F7-4668-BE54-9A1E7A4F7556}") = "Avesta", "src\Avesta\Avesta.csproj", "{40FEED85-FB28-44BA-8CA1-456692BFA634}"
EndProject
Project("{2150E333-8FDC-42A3-9474-1A3956D46DE8}") = "Solution Items", "Solution Items", "{0DEE2BA5-A64B-4DF3-A0E7-475140B37946}"
	ProjectSection(SolutionItems) = preProject
		.gitattributes = .gitattributes
		.gitignore = .gitignore
		LICENSE = LICENSE
		README.md = README.md
	EndProjectSection
EndProject
Project("{9A19103F-16F7-4668-BE54-9A1E7A4F7556}") = "Avesta.DependencyInjection", "src\Avesta.DependencyInjection\Avesta.DependencyInjection.csproj", "{D108048F-447B-433F-9E36-80B33C5B4410}"
EndProject
Project("{9A19103F-16F7-4668-BE54-9A1E7A4F7556}") = "Avesta.BlockChain", "src\Avesta.BlockChain\Avesta.BlockChain.csproj", "{23E682AF-4064-4580-9DA6-614EB51784A6}"
EndProject
Project("{2150E333-8FDC-42A3-9474-1A3956D46DE8}") = ".github", ".github", "{9EB69684-42E1-48E7-8D15-AE807D496C5B}"
EndProject
Project("{2150E333-8FDC-42A3-9474-1A3956D46DE8}") = "workflows", "workflows", "{B45124D0-BFD9-4A92-8DAB-2CD5FECA2E6B}"
	ProjectSection(SolutionItems) = preProject
		.github\workflows\build.yml = .github\workflows\build.yml
		.github\workflows\test.yml = .github\workflows\test.yml
	EndProjectSection
EndProject
Project("{2150E333-8FDC-42A3-9474-1A3956D46DE8}") = "test", "test", "{F84365A6-1B0C-4A92-8FAE-9E819605C654}"
EndProject
Project("{9A19103F-16F7-4668-BE54-9A1E7A4F7556}") = "Avesta.Repository.Test", "src\Avesta.Repository\Test\Avesta.Repository.Test\Avesta.Repository.Test.csproj", "{09E6971D-CC17-478B-A8DE-B5CF8EEB6423}"
EndProject
Project("{9A19103F-16F7-4668-BE54-9A1E7A4F7556}") = "Avesta.Repository.Test.Src", "src\Avesta.Repository\Test\Avesta.Repository.Test.Src\Avesta.Repository.Test.Src.csproj", "{B2530F7E-12B0-45AC-841D-2F3F5DD57633}"
EndProject
Project("{9A19103F-16F7-4668-BE54-9A1E7A4F7556}") = "Avesta.Constant", "src\Avesta.Constant\Avesta.Constant.csproj", "{8D245F92-FDE3-4D30-BBFE-30DA589ACE68}"
EndProject
Project("{9A19103F-16F7-4668-BE54-9A1E7A4F7556}") = "Avesta.Graph", "src\Avesta.Graph\Avesta.Graph.csproj", "{FAA43CF5-C5FD-4A16-80C9-611F9E3EF5A2}"
EndProject
Project("{9A19103F-16F7-4668-BE54-9A1E7A4F7556}") = "Avesta.Graph.Test.Src", "test\Avesta.Graph.Test.Src\Avesta.Graph.Test.Src.csproj", "{7A1345BA-5A1F-4AC2-9DD9-F0CBBF3E4BF5}"
EndProject
Project("{2150E333-8FDC-42A3-9474-1A3956D46DE8}") = "Avesta.Security", "Avesta.Security", "{C2677A9C-0B72-48AA-A512-FE875AEABCE2}"
EndProject
Project("{9A19103F-16F7-4668-BE54-9A1E7A4F7556}") = "Avesta.Security", "src\Avesta.Security\Avesta.Security\Avesta.Security.csproj", "{733FF083-C540-414A-ADF8-D243262B0B75}"
EndProject
Project("{9A19103F-16F7-4668-BE54-9A1E7A4F7556}") = "Avesta.Security.Attribute", "src\Avesta.Security\Avesta.Security.Attribute\Avesta.Security.Attribute.csproj", "{35059E38-A22A-41AC-926A-763B28BC03F9}"
EndProject
Project("{9A19103F-16F7-4668-BE54-9A1E7A4F7556}") = "Avesta.Security.Model", "src\Avesta.Security\Avesta.Security.Model\Avesta.Security.Model.csproj", "{4380FB61-B1AE-4B65-91FE-5BAEA15C972F}"
EndProject
Project("{9A19103F-16F7-4668-BE54-9A1E7A4F7556}") = "Avesta.Security.AES", "src\Avesta.Security\Avesta.Security.AES\Avesta.Security.AES.csproj", "{B762ADD9-E688-4D05-A5AA-0A07CA707201}"
EndProject
Project("{9A19103F-16F7-4668-BE54-9A1E7A4F7556}") = "Avesta.Security.Test", "src\Avesta.Security\Avesta.Security.Test\Avesta.Security.Test.csproj", "{1CE57664-5DB7-478E-AF50-7FE9EC936E33}"
EndProject
Project("{2150E333-8FDC-42A3-9474-1A3956D46DE8}") = "Avesta.Data", "Avesta.Data", "{295A1A72-46B6-4B5D-B5B7-A21A4E5BC8B8}"
EndProject
Project("{9A19103F-16F7-4668-BE54-9A1E7A4F7556}") = "Avesta.Data.IdentityCore", "src\Avesta.Data\Avesta.Data.IdentityCore\Avesta.Data.IdentityCore.csproj", "{25D6FFA4-001B-4B16-8F3A-D38276199B5D}"
EndProject
Project("{9A19103F-16F7-4668-BE54-9A1E7A4F7556}") = "Avesta.Data.Identity", "src\Avesta.Data\Avesta.Data.Identity\Avesta.Data.Identity.csproj", "{ACBBB2E5-6985-4C52-8648-6823908695A6}"
EndProject
Project("{9A19103F-16F7-4668-BE54-9A1E7A4F7556}") = "Avesta.Data.Entity", "src\Avesta.Data\Avesta.Data.Entity\Avesta.Data.Entity.csproj", "{623DCC62-5E5B-438D-A420-56E815685132}"
EndProject
Project("{2150E333-8FDC-42A3-9474-1A3956D46DE8}") = "Avesta.Repository", "Avesta.Repository", "{7926E684-2814-4BA2-B30F-B552FA5C5E44}"
EndProject
Project("{9A19103F-16F7-4668-BE54-9A1E7A4F7556}") = "Avesta.Repository.IdentityCore", "src\Avesta.Repository\Avesta.Repository.IdentityCore\Avesta.Repository.IdentityCore.csproj", "{93AC58EE-3D08-4D85-90A8-75B4602BD06E}"
EndProject
Project("{9A19103F-16F7-4668-BE54-9A1E7A4F7556}") = "Avesta.Repository.Identity", "src\Avesta.Repository\Avesta.Repository.Identity\Avesta.Repository.Identity.csproj", "{998FC0EC-3A58-4A81-89CA-500CD0FEEA14}"
EndProject
Project("{9A19103F-16F7-4668-BE54-9A1E7A4F7556}") = "Avesta.Repository.Entity", "src\Avesta.Repository\Avesta.Repository.Entity\Avesta.Repository.Entity.csproj", "{8323DABD-D671-4060-A425-8BF388244261}"
EndProject
Project("{2150E333-8FDC-42A3-9474-1A3956D46DE8}") = "Avesta.Service", "Avesta.Service", "{D7C431EF-28AE-4439-B697-5415845FFB45}"
EndProject
Project("{9A19103F-16F7-4668-BE54-9A1E7A4F7556}") = "Avesta.Service.Identity", "src\Avesta.Service\Avesta.Service.Identity\Avesta.Service.Identity.csproj", "{BC4A2684-D07D-4CF1-9AA9-8EDF8B0657B8}"
EndProject
Project("{9A19103F-16F7-4668-BE54-9A1E7A4F7556}") = "Avesta.Service.Entity", "src\Avesta.Service\Avesta.Service.Entity\Avesta.Service.Entity.csproj", "{8F45E01D-859B-4130-898B-4C600A39C1BC}"
EndProject
Project("{2150E333-8FDC-42A3-9474-1A3956D46DE8}") = "Avesta.Controller", "Avesta.Controller", "{404728CB-C872-49B4-89A1-18D0940458B5}"
EndProject
Project("{2150E333-8FDC-42A3-9474-1A3956D46DE8}") = "Avesta.Controller.Entity", "Avesta.Controller.Entity", "{2EB2A152-09A9-4FB7-B0A4-2E102F008E8D}"
EndProject
Project("{9A19103F-16F7-4668-BE54-9A1E7A4F7556}") = "Avesta.Controller.Entity.MVC", "src\Avesta.Controller\Avesta.Controller.Entity\Avesta.Controller.Entity.MVC\Avesta.Controller.Entity.MVC.csproj", "{FA03424F-01C8-4633-8B55-32FAFF9F8EDE}"
EndProject
Project("{9A19103F-16F7-4668-BE54-9A1E7A4F7556}") = "Avesta.Controller.Entity.Base", "src\Avesta.Controller\Avesta.Controller.Entity\Avesta.Controller.Entity.Base\Avesta.Controller.Entity.Base.csproj", "{B36561F6-B108-454E-B074-FF34104C0156}"
EndProject
Project("{9A19103F-16F7-4668-BE54-9A1E7A4F7556}") = "Avesta.Controller.Entity.API", "src\Avesta.Controller\Avesta.Controller.Entity\Avesta.Controller.Entity.API\Avesta.Controller.Entity.API.csproj", "{24B87257-FA8A-4412-96E3-567B9069821A}"
EndProject
Project("{2150E333-8FDC-42A3-9474-1A3956D46DE8}") = "Test", "Test", "{E3B17572-BE31-4E51-8FBE-6D59143EEC57}"
EndProject
Project("{9A19103F-16F7-4668-BE54-9A1E7A4F7556}") = "Avesta.Security.Hash", "src\Avesta.Security\Avesta.Security.Hash\Avesta.Security.Hash.csproj", "{850B1AB2-0D61-4337-A6C0-D02ECA887ED3}"
EndProject
Project("{2150E333-8FDC-42A3-9474-1A3956D46DE8}") = "Avesta.Auth", "Avesta.Auth", "{9F471985-DAD6-4BA8-BEDD-9B1623B467E3}"
EndProject
Project("{9A19103F-16F7-4668-BE54-9A1E7A4F7556}") = "Avesta.Auth.IdentityCore", "src\Avesta.Auth\Avesta.Auth.IdentityCore\Avesta.Auth.IdentityCore.csproj", "{ACCBEEB0-F07A-4697-A9ED-351594C5C4C1}"
EndProject
Project("{9A19103F-16F7-4668-BE54-9A1E7A4F7556}") = "Avesta.Auth.Identity", "src\Avesta.Auth\Avesta.Auth.Identity\Avesta.Auth.Identity.csproj", "{359ABAEF-94D5-4F14-8A7A-EB5EF1117D3D}"
EndProject
Global
	GlobalSection(SolutionConfigurationPlatforms) = preSolution
		Debug|Any CPU = Debug|Any CPU
		Release|Any CPU = Release|Any CPU
	EndGlobalSection
	GlobalSection(ProjectConfigurationPlatforms) = postSolution
		{57A700BB-EC08-4220-A0F5-BF60D5E23E20}.Debug|Any CPU.ActiveCfg = Debug|Any CPU
		{57A700BB-EC08-4220-A0F5-BF60D5E23E20}.Debug|Any CPU.Build.0 = Debug|Any CPU
		{57A700BB-EC08-4220-A0F5-BF60D5E23E20}.Release|Any CPU.ActiveCfg = Release|Any CPU
		{57A700BB-EC08-4220-A0F5-BF60D5E23E20}.Release|Any CPU.Build.0 = Release|Any CPU
		{7A42C81F-7E74-4AA6-A774-6E9DEC55B937}.Debug|Any CPU.ActiveCfg = Debug|Any CPU
		{7A42C81F-7E74-4AA6-A774-6E9DEC55B937}.Debug|Any CPU.Build.0 = Debug|Any CPU
		{7A42C81F-7E74-4AA6-A774-6E9DEC55B937}.Release|Any CPU.ActiveCfg = Release|Any CPU
		{7A42C81F-7E74-4AA6-A774-6E9DEC55B937}.Release|Any CPU.Build.0 = Release|Any CPU
		{61D86D29-7F0F-49D5-95F9-FA2B8235A3EC}.Debug|Any CPU.ActiveCfg = Debug|Any CPU
		{61D86D29-7F0F-49D5-95F9-FA2B8235A3EC}.Debug|Any CPU.Build.0 = Debug|Any CPU
		{61D86D29-7F0F-49D5-95F9-FA2B8235A3EC}.Release|Any CPU.ActiveCfg = Release|Any CPU
		{61D86D29-7F0F-49D5-95F9-FA2B8235A3EC}.Release|Any CPU.Build.0 = Release|Any CPU
		{1AC36A5A-8CCA-4E8A-AB64-7C7F9D68EBCB}.Debug|Any CPU.ActiveCfg = Debug|Any CPU
		{1AC36A5A-8CCA-4E8A-AB64-7C7F9D68EBCB}.Debug|Any CPU.Build.0 = Debug|Any CPU
		{1AC36A5A-8CCA-4E8A-AB64-7C7F9D68EBCB}.Release|Any CPU.ActiveCfg = Release|Any CPU
		{1AC36A5A-8CCA-4E8A-AB64-7C7F9D68EBCB}.Release|Any CPU.Build.0 = Release|Any CPU
		{AB823F6A-BEC7-40A4-A8A9-E082C1033F37}.Debug|Any CPU.ActiveCfg = Debug|Any CPU
		{AB823F6A-BEC7-40A4-A8A9-E082C1033F37}.Debug|Any CPU.Build.0 = Debug|Any CPU
		{AB823F6A-BEC7-40A4-A8A9-E082C1033F37}.Release|Any CPU.ActiveCfg = Release|Any CPU
		{AB823F6A-BEC7-40A4-A8A9-E082C1033F37}.Release|Any CPU.Build.0 = Release|Any CPU
		{A8B77B23-1B29-402C-8452-1BB277BB4AF2}.Debug|Any CPU.ActiveCfg = Debug|Any CPU
		{A8B77B23-1B29-402C-8452-1BB277BB4AF2}.Debug|Any CPU.Build.0 = Debug|Any CPU
		{A8B77B23-1B29-402C-8452-1BB277BB4AF2}.Release|Any CPU.ActiveCfg = Release|Any CPU
		{A8B77B23-1B29-402C-8452-1BB277BB4AF2}.Release|Any CPU.Build.0 = Release|Any CPU
		{1A7E6419-AC37-4E98-9249-61D338E3D815}.Debug|Any CPU.ActiveCfg = Debug|Any CPU
		{1A7E6419-AC37-4E98-9249-61D338E3D815}.Debug|Any CPU.Build.0 = Debug|Any CPU
		{1A7E6419-AC37-4E98-9249-61D338E3D815}.Release|Any CPU.ActiveCfg = Release|Any CPU
		{1A7E6419-AC37-4E98-9249-61D338E3D815}.Release|Any CPU.Build.0 = Release|Any CPU
		{EA80655C-640D-4806-A4AD-D00525C9B48A}.Debug|Any CPU.ActiveCfg = Debug|Any CPU
		{EA80655C-640D-4806-A4AD-D00525C9B48A}.Debug|Any CPU.Build.0 = Debug|Any CPU
		{EA80655C-640D-4806-A4AD-D00525C9B48A}.Release|Any CPU.ActiveCfg = Release|Any CPU
		{EA80655C-640D-4806-A4AD-D00525C9B48A}.Release|Any CPU.Build.0 = Release|Any CPU
		{74B1B413-9A32-46CA-AF4F-3CF5DF778831}.Debug|Any CPU.ActiveCfg = Debug|Any CPU
		{74B1B413-9A32-46CA-AF4F-3CF5DF778831}.Debug|Any CPU.Build.0 = Debug|Any CPU
		{74B1B413-9A32-46CA-AF4F-3CF5DF778831}.Release|Any CPU.ActiveCfg = Release|Any CPU
		{74B1B413-9A32-46CA-AF4F-3CF5DF778831}.Release|Any CPU.Build.0 = Release|Any CPU
		{BA0DA26D-0D98-4858-88DA-FEFF5E5118D6}.Debug|Any CPU.ActiveCfg = Debug|Any CPU
		{BA0DA26D-0D98-4858-88DA-FEFF5E5118D6}.Debug|Any CPU.Build.0 = Debug|Any CPU
		{BA0DA26D-0D98-4858-88DA-FEFF5E5118D6}.Release|Any CPU.ActiveCfg = Release|Any CPU
		{BA0DA26D-0D98-4858-88DA-FEFF5E5118D6}.Release|Any CPU.Build.0 = Release|Any CPU
		{34C17E14-1BBA-4234-A0EB-7D823C4635C4}.Debug|Any CPU.ActiveCfg = Debug|Any CPU
		{34C17E14-1BBA-4234-A0EB-7D823C4635C4}.Debug|Any CPU.Build.0 = Debug|Any CPU
		{34C17E14-1BBA-4234-A0EB-7D823C4635C4}.Release|Any CPU.ActiveCfg = Release|Any CPU
		{34C17E14-1BBA-4234-A0EB-7D823C4635C4}.Release|Any CPU.Build.0 = Release|Any CPU
		{23558C2F-7F00-4F1D-85C4-A44797A3C5AF}.Debug|Any CPU.ActiveCfg = Debug|Any CPU
		{23558C2F-7F00-4F1D-85C4-A44797A3C5AF}.Debug|Any CPU.Build.0 = Debug|Any CPU
		{23558C2F-7F00-4F1D-85C4-A44797A3C5AF}.Release|Any CPU.ActiveCfg = Release|Any CPU
		{23558C2F-7F00-4F1D-85C4-A44797A3C5AF}.Release|Any CPU.Build.0 = Release|Any CPU
		{634055DB-73A6-4951-841B-5F4EAF15B64A}.Debug|Any CPU.ActiveCfg = Debug|Any CPU
		{634055DB-73A6-4951-841B-5F4EAF15B64A}.Debug|Any CPU.Build.0 = Debug|Any CPU
		{634055DB-73A6-4951-841B-5F4EAF15B64A}.Release|Any CPU.ActiveCfg = Release|Any CPU
		{634055DB-73A6-4951-841B-5F4EAF15B64A}.Release|Any CPU.Build.0 = Release|Any CPU
		{40FEED85-FB28-44BA-8CA1-456692BFA634}.Debug|Any CPU.ActiveCfg = Debug|Any CPU
		{40FEED85-FB28-44BA-8CA1-456692BFA634}.Debug|Any CPU.Build.0 = Debug|Any CPU
		{40FEED85-FB28-44BA-8CA1-456692BFA634}.Release|Any CPU.ActiveCfg = Release|Any CPU
		{40FEED85-FB28-44BA-8CA1-456692BFA634}.Release|Any CPU.Build.0 = Release|Any CPU
		{D108048F-447B-433F-9E36-80B33C5B4410}.Debug|Any CPU.ActiveCfg = Debug|Any CPU
		{D108048F-447B-433F-9E36-80B33C5B4410}.Debug|Any CPU.Build.0 = Debug|Any CPU
		{D108048F-447B-433F-9E36-80B33C5B4410}.Release|Any CPU.ActiveCfg = Release|Any CPU
		{D108048F-447B-433F-9E36-80B33C5B4410}.Release|Any CPU.Build.0 = Release|Any CPU
		{23E682AF-4064-4580-9DA6-614EB51784A6}.Debug|Any CPU.ActiveCfg = Debug|Any CPU
		{23E682AF-4064-4580-9DA6-614EB51784A6}.Debug|Any CPU.Build.0 = Debug|Any CPU
		{23E682AF-4064-4580-9DA6-614EB51784A6}.Release|Any CPU.ActiveCfg = Release|Any CPU
		{23E682AF-4064-4580-9DA6-614EB51784A6}.Release|Any CPU.Build.0 = Release|Any CPU
		{09E6971D-CC17-478B-A8DE-B5CF8EEB6423}.Debug|Any CPU.ActiveCfg = Debug|Any CPU
		{09E6971D-CC17-478B-A8DE-B5CF8EEB6423}.Debug|Any CPU.Build.0 = Debug|Any CPU
		{09E6971D-CC17-478B-A8DE-B5CF8EEB6423}.Release|Any CPU.ActiveCfg = Release|Any CPU
		{09E6971D-CC17-478B-A8DE-B5CF8EEB6423}.Release|Any CPU.Build.0 = Release|Any CPU
		{B2530F7E-12B0-45AC-841D-2F3F5DD57633}.Debug|Any CPU.ActiveCfg = Debug|Any CPU
		{B2530F7E-12B0-45AC-841D-2F3F5DD57633}.Debug|Any CPU.Build.0 = Debug|Any CPU
		{B2530F7E-12B0-45AC-841D-2F3F5DD57633}.Release|Any CPU.ActiveCfg = Release|Any CPU
		{B2530F7E-12B0-45AC-841D-2F3F5DD57633}.Release|Any CPU.Build.0 = Release|Any CPU
		{8D245F92-FDE3-4D30-BBFE-30DA589ACE68}.Debug|Any CPU.ActiveCfg = Debug|Any CPU
		{8D245F92-FDE3-4D30-BBFE-30DA589ACE68}.Debug|Any CPU.Build.0 = Debug|Any CPU
		{8D245F92-FDE3-4D30-BBFE-30DA589ACE68}.Release|Any CPU.ActiveCfg = Release|Any CPU
		{8D245F92-FDE3-4D30-BBFE-30DA589ACE68}.Release|Any CPU.Build.0 = Release|Any CPU
		{FAA43CF5-C5FD-4A16-80C9-611F9E3EF5A2}.Debug|Any CPU.ActiveCfg = Debug|Any CPU
		{FAA43CF5-C5FD-4A16-80C9-611F9E3EF5A2}.Debug|Any CPU.Build.0 = Debug|Any CPU
		{FAA43CF5-C5FD-4A16-80C9-611F9E3EF5A2}.Release|Any CPU.ActiveCfg = Release|Any CPU
		{FAA43CF5-C5FD-4A16-80C9-611F9E3EF5A2}.Release|Any CPU.Build.0 = Release|Any CPU
		{7A1345BA-5A1F-4AC2-9DD9-F0CBBF3E4BF5}.Debug|Any CPU.ActiveCfg = Debug|Any CPU
		{7A1345BA-5A1F-4AC2-9DD9-F0CBBF3E4BF5}.Debug|Any CPU.Build.0 = Debug|Any CPU
		{7A1345BA-5A1F-4AC2-9DD9-F0CBBF3E4BF5}.Release|Any CPU.ActiveCfg = Release|Any CPU
		{7A1345BA-5A1F-4AC2-9DD9-F0CBBF3E4BF5}.Release|Any CPU.Build.0 = Release|Any CPU
		{733FF083-C540-414A-ADF8-D243262B0B75}.Debug|Any CPU.ActiveCfg = Debug|Any CPU
		{733FF083-C540-414A-ADF8-D243262B0B75}.Debug|Any CPU.Build.0 = Debug|Any CPU
		{733FF083-C540-414A-ADF8-D243262B0B75}.Release|Any CPU.ActiveCfg = Release|Any CPU
		{733FF083-C540-414A-ADF8-D243262B0B75}.Release|Any CPU.Build.0 = Release|Any CPU
		{35059E38-A22A-41AC-926A-763B28BC03F9}.Debug|Any CPU.ActiveCfg = Debug|Any CPU
		{35059E38-A22A-41AC-926A-763B28BC03F9}.Debug|Any CPU.Build.0 = Debug|Any CPU
		{35059E38-A22A-41AC-926A-763B28BC03F9}.Release|Any CPU.ActiveCfg = Release|Any CPU
		{35059E38-A22A-41AC-926A-763B28BC03F9}.Release|Any CPU.Build.0 = Release|Any CPU
		{4380FB61-B1AE-4B65-91FE-5BAEA15C972F}.Debug|Any CPU.ActiveCfg = Debug|Any CPU
		{4380FB61-B1AE-4B65-91FE-5BAEA15C972F}.Debug|Any CPU.Build.0 = Debug|Any CPU
		{4380FB61-B1AE-4B65-91FE-5BAEA15C972F}.Release|Any CPU.ActiveCfg = Release|Any CPU
		{4380FB61-B1AE-4B65-91FE-5BAEA15C972F}.Release|Any CPU.Build.0 = Release|Any CPU
		{B762ADD9-E688-4D05-A5AA-0A07CA707201}.Debug|Any CPU.ActiveCfg = Debug|Any CPU
		{B762ADD9-E688-4D05-A5AA-0A07CA707201}.Debug|Any CPU.Build.0 = Debug|Any CPU
		{B762ADD9-E688-4D05-A5AA-0A07CA707201}.Release|Any CPU.ActiveCfg = Release|Any CPU
		{B762ADD9-E688-4D05-A5AA-0A07CA707201}.Release|Any CPU.Build.0 = Release|Any CPU
		{1CE57664-5DB7-478E-AF50-7FE9EC936E33}.Debug|Any CPU.ActiveCfg = Debug|Any CPU
		{1CE57664-5DB7-478E-AF50-7FE9EC936E33}.Debug|Any CPU.Build.0 = Debug|Any CPU
		{1CE57664-5DB7-478E-AF50-7FE9EC936E33}.Release|Any CPU.ActiveCfg = Release|Any CPU
		{1CE57664-5DB7-478E-AF50-7FE9EC936E33}.Release|Any CPU.Build.0 = Release|Any CPU
		{25D6FFA4-001B-4B16-8F3A-D38276199B5D}.Debug|Any CPU.ActiveCfg = Debug|Any CPU
		{25D6FFA4-001B-4B16-8F3A-D38276199B5D}.Debug|Any CPU.Build.0 = Debug|Any CPU
		{25D6FFA4-001B-4B16-8F3A-D38276199B5D}.Release|Any CPU.ActiveCfg = Release|Any CPU
		{25D6FFA4-001B-4B16-8F3A-D38276199B5D}.Release|Any CPU.Build.0 = Release|Any CPU
		{ACBBB2E5-6985-4C52-8648-6823908695A6}.Debug|Any CPU.ActiveCfg = Debug|Any CPU
		{ACBBB2E5-6985-4C52-8648-6823908695A6}.Debug|Any CPU.Build.0 = Debug|Any CPU
		{ACBBB2E5-6985-4C52-8648-6823908695A6}.Release|Any CPU.ActiveCfg = Release|Any CPU
		{ACBBB2E5-6985-4C52-8648-6823908695A6}.Release|Any CPU.Build.0 = Release|Any CPU
		{623DCC62-5E5B-438D-A420-56E815685132}.Debug|Any CPU.ActiveCfg = Debug|Any CPU
		{623DCC62-5E5B-438D-A420-56E815685132}.Debug|Any CPU.Build.0 = Debug|Any CPU
		{623DCC62-5E5B-438D-A420-56E815685132}.Release|Any CPU.ActiveCfg = Release|Any CPU
		{623DCC62-5E5B-438D-A420-56E815685132}.Release|Any CPU.Build.0 = Release|Any CPU
		{93AC58EE-3D08-4D85-90A8-75B4602BD06E}.Debug|Any CPU.ActiveCfg = Debug|Any CPU
		{93AC58EE-3D08-4D85-90A8-75B4602BD06E}.Debug|Any CPU.Build.0 = Debug|Any CPU
		{93AC58EE-3D08-4D85-90A8-75B4602BD06E}.Release|Any CPU.ActiveCfg = Release|Any CPU
		{93AC58EE-3D08-4D85-90A8-75B4602BD06E}.Release|Any CPU.Build.0 = Release|Any CPU
		{998FC0EC-3A58-4A81-89CA-500CD0FEEA14}.Debug|Any CPU.ActiveCfg = Debug|Any CPU
		{998FC0EC-3A58-4A81-89CA-500CD0FEEA14}.Debug|Any CPU.Build.0 = Debug|Any CPU
		{998FC0EC-3A58-4A81-89CA-500CD0FEEA14}.Release|Any CPU.ActiveCfg = Release|Any CPU
		{998FC0EC-3A58-4A81-89CA-500CD0FEEA14}.Release|Any CPU.Build.0 = Release|Any CPU
		{8323DABD-D671-4060-A425-8BF388244261}.Debug|Any CPU.ActiveCfg = Debug|Any CPU
		{8323DABD-D671-4060-A425-8BF388244261}.Debug|Any CPU.Build.0 = Debug|Any CPU
		{8323DABD-D671-4060-A425-8BF388244261}.Release|Any CPU.ActiveCfg = Release|Any CPU
		{8323DABD-D671-4060-A425-8BF388244261}.Release|Any CPU.Build.0 = Release|Any CPU
		{BC4A2684-D07D-4CF1-9AA9-8EDF8B0657B8}.Debug|Any CPU.ActiveCfg = Debug|Any CPU
		{BC4A2684-D07D-4CF1-9AA9-8EDF8B0657B8}.Debug|Any CPU.Build.0 = Debug|Any CPU
		{BC4A2684-D07D-4CF1-9AA9-8EDF8B0657B8}.Release|Any CPU.ActiveCfg = Release|Any CPU
		{BC4A2684-D07D-4CF1-9AA9-8EDF8B0657B8}.Release|Any CPU.Build.0 = Release|Any CPU
		{8F45E01D-859B-4130-898B-4C600A39C1BC}.Debug|Any CPU.ActiveCfg = Debug|Any CPU
		{8F45E01D-859B-4130-898B-4C600A39C1BC}.Debug|Any CPU.Build.0 = Debug|Any CPU
		{8F45E01D-859B-4130-898B-4C600A39C1BC}.Release|Any CPU.ActiveCfg = Release|Any CPU
		{8F45E01D-859B-4130-898B-4C600A39C1BC}.Release|Any CPU.Build.0 = Release|Any CPU
		{FA03424F-01C8-4633-8B55-32FAFF9F8EDE}.Debug|Any CPU.ActiveCfg = Debug|Any CPU
		{FA03424F-01C8-4633-8B55-32FAFF9F8EDE}.Debug|Any CPU.Build.0 = Debug|Any CPU
		{FA03424F-01C8-4633-8B55-32FAFF9F8EDE}.Release|Any CPU.ActiveCfg = Release|Any CPU
		{FA03424F-01C8-4633-8B55-32FAFF9F8EDE}.Release|Any CPU.Build.0 = Release|Any CPU
		{B36561F6-B108-454E-B074-FF34104C0156}.Debug|Any CPU.ActiveCfg = Debug|Any CPU
		{B36561F6-B108-454E-B074-FF34104C0156}.Debug|Any CPU.Build.0 = Debug|Any CPU
		{B36561F6-B108-454E-B074-FF34104C0156}.Release|Any CPU.ActiveCfg = Release|Any CPU
		{B36561F6-B108-454E-B074-FF34104C0156}.Release|Any CPU.Build.0 = Release|Any CPU
		{24B87257-FA8A-4412-96E3-567B9069821A}.Debug|Any CPU.ActiveCfg = Debug|Any CPU
		{24B87257-FA8A-4412-96E3-567B9069821A}.Debug|Any CPU.Build.0 = Debug|Any CPU
		{24B87257-FA8A-4412-96E3-567B9069821A}.Release|Any CPU.ActiveCfg = Release|Any CPU
		{24B87257-FA8A-4412-96E3-567B9069821A}.Release|Any CPU.Build.0 = Release|Any CPU
		{850B1AB2-0D61-4337-A6C0-D02ECA887ED3}.Debug|Any CPU.ActiveCfg = Debug|Any CPU
		{850B1AB2-0D61-4337-A6C0-D02ECA887ED3}.Debug|Any CPU.Build.0 = Debug|Any CPU
		{850B1AB2-0D61-4337-A6C0-D02ECA887ED3}.Release|Any CPU.ActiveCfg = Release|Any CPU
		{850B1AB2-0D61-4337-A6C0-D02ECA887ED3}.Release|Any CPU.Build.0 = Release|Any CPU
		{ACCBEEB0-F07A-4697-A9ED-351594C5C4C1}.Debug|Any CPU.ActiveCfg = Debug|Any CPU
		{ACCBEEB0-F07A-4697-A9ED-351594C5C4C1}.Debug|Any CPU.Build.0 = Debug|Any CPU
		{ACCBEEB0-F07A-4697-A9ED-351594C5C4C1}.Release|Any CPU.ActiveCfg = Release|Any CPU
		{ACCBEEB0-F07A-4697-A9ED-351594C5C4C1}.Release|Any CPU.Build.0 = Release|Any CPU
		{359ABAEF-94D5-4F14-8A7A-EB5EF1117D3D}.Debug|Any CPU.ActiveCfg = Debug|Any CPU
		{359ABAEF-94D5-4F14-8A7A-EB5EF1117D3D}.Debug|Any CPU.Build.0 = Debug|Any CPU
		{359ABAEF-94D5-4F14-8A7A-EB5EF1117D3D}.Release|Any CPU.ActiveCfg = Release|Any CPU
		{359ABAEF-94D5-4F14-8A7A-EB5EF1117D3D}.Release|Any CPU.Build.0 = Release|Any CPU
	EndGlobalSection
	GlobalSection(SolutionProperties) = preSolution
		HideSolutionNode = FALSE
	EndGlobalSection
	GlobalSection(NestedProjects) = preSolution
		{B45124D0-BFD9-4A92-8DAB-2CD5FECA2E6B} = {9EB69684-42E1-48E7-8D15-AE807D496C5B}
		{09E6971D-CC17-478B-A8DE-B5CF8EEB6423} = {E3B17572-BE31-4E51-8FBE-6D59143EEC57}
		{B2530F7E-12B0-45AC-841D-2F3F5DD57633} = {E3B17572-BE31-4E51-8FBE-6D59143EEC57}
		{7A1345BA-5A1F-4AC2-9DD9-F0CBBF3E4BF5} = {F84365A6-1B0C-4A92-8FAE-9E819605C654}
		{733FF083-C540-414A-ADF8-D243262B0B75} = {C2677A9C-0B72-48AA-A512-FE875AEABCE2}
		{35059E38-A22A-41AC-926A-763B28BC03F9} = {C2677A9C-0B72-48AA-A512-FE875AEABCE2}
		{4380FB61-B1AE-4B65-91FE-5BAEA15C972F} = {C2677A9C-0B72-48AA-A512-FE875AEABCE2}
		{B762ADD9-E688-4D05-A5AA-0A07CA707201} = {C2677A9C-0B72-48AA-A512-FE875AEABCE2}
		{1CE57664-5DB7-478E-AF50-7FE9EC936E33} = {C2677A9C-0B72-48AA-A512-FE875AEABCE2}
		{25D6FFA4-001B-4B16-8F3A-D38276199B5D} = {295A1A72-46B6-4B5D-B5B7-A21A4E5BC8B8}
		{ACBBB2E5-6985-4C52-8648-6823908695A6} = {295A1A72-46B6-4B5D-B5B7-A21A4E5BC8B8}
		{623DCC62-5E5B-438D-A420-56E815685132} = {295A1A72-46B6-4B5D-B5B7-A21A4E5BC8B8}
		{93AC58EE-3D08-4D85-90A8-75B4602BD06E} = {7926E684-2814-4BA2-B30F-B552FA5C5E44}
		{998FC0EC-3A58-4A81-89CA-500CD0FEEA14} = {7926E684-2814-4BA2-B30F-B552FA5C5E44}
		{8323DABD-D671-4060-A425-8BF388244261} = {7926E684-2814-4BA2-B30F-B552FA5C5E44}
		{BC4A2684-D07D-4CF1-9AA9-8EDF8B0657B8} = {D7C431EF-28AE-4439-B697-5415845FFB45}
		{8F45E01D-859B-4130-898B-4C600A39C1BC} = {D7C431EF-28AE-4439-B697-5415845FFB45}
		{2EB2A152-09A9-4FB7-B0A4-2E102F008E8D} = {404728CB-C872-49B4-89A1-18D0940458B5}
		{FA03424F-01C8-4633-8B55-32FAFF9F8EDE} = {2EB2A152-09A9-4FB7-B0A4-2E102F008E8D}
		{B36561F6-B108-454E-B074-FF34104C0156} = {2EB2A152-09A9-4FB7-B0A4-2E102F008E8D}
		{24B87257-FA8A-4412-96E3-567B9069821A} = {2EB2A152-09A9-4FB7-B0A4-2E102F008E8D}
		{E3B17572-BE31-4E51-8FBE-6D59143EEC57} = {7926E684-2814-4BA2-B30F-B552FA5C5E44}
		{850B1AB2-0D61-4337-A6C0-D02ECA887ED3} = {C2677A9C-0B72-48AA-A512-FE875AEABCE2}
		{ACCBEEB0-F07A-4697-A9ED-351594C5C4C1} = {9F471985-DAD6-4BA8-BEDD-9B1623B467E3}
		{359ABAEF-94D5-4F14-8A7A-EB5EF1117D3D} = {9F471985-DAD6-4BA8-BEDD-9B1623B467E3}
	EndGlobalSection
	GlobalSection(ExtensibilityGlobals) = postSolution
		SolutionGuid = {8259D7C8-8DB5-4A11-B128-83667EF52388}
	EndGlobalSection
EndGlobal
