
Microsoft Visual Studio Solution File, Format Version 12.00
# Visual Studio Version 17
VisualStudioVersion = 17.3.32901.215
MinimumVisualStudioVersion = 10.0.40219.1
Project("{9A19103F-16F7-4668-BE54-9A1E7A4F7556}") = "Avesta.Share", "src\Avesta.Share\Avesta.Share.csproj", "{6BEF4F01-926C-49AD-BA77-7887B836D20C}"
EndProject
Project("{9A19103F-16F7-4668-BE54-9A1E7A4F7556}") = "Avesta.Storage", "src\Avesta.Storage\Avesta.Storage.csproj", "{952522C8-2A38-4611-8B3C-058B61570C2B}"
EndProject
Project("{9A19103F-16F7-4668-BE54-9A1E7A4F7556}") = "Avesta.Exceptions", "src\Avesta.Exceptions\Avesta.Exceptions.csproj", "{21DD2961-4D64-49A9-AD7F-87811697D16C}"
EndProject
Project("{9A19103F-16F7-4668-BE54-9A1E7A4F7556}") = "Avesta.Language", "src\Avesta.Language\Avesta.Language.csproj", "{320169B5-AF39-473E-8C9B-CD388C604262}"
EndProject
Project("{9A19103F-16F7-4668-BE54-9A1E7A4F7556}") = "Avesta.Logging", "src\Avesta.Logging\Avesta.Logging.csproj", "{39100705-F274-41FF-A6AB-25824D76DE27}"
EndProject
Project("{2150E333-8FDC-42A3-9474-1A3956D46DE8}") = "Solution Items", "Solution Items", "{2ABF4169-407F-4005-A8C0-7BC01D1CFC20}"
	ProjectSection(SolutionItems) = preProject
		.editorconfig = .editorconfig
		.gitattributes = .gitattributes
		.gitignore = .gitignore
		LICENSE = LICENSE
		README.md = README.md
	EndProjectSection
EndProject
Project("{9A19103F-16F7-4668-BE54-9A1E7A4F7556}") = "Avesta.Attribute", "src\Avesta.Attribute\Avesta.Attribute.csproj", "{AAA4BF49-DB16-451A-B3B8-3B2EE5FEB17F}"
EndProject
Project("{9A19103F-16F7-4668-BE54-9A1E7A4F7556}") = "Avesta.Global", "src\Avesta.Global\Avesta.Global.csproj", "{91E06A84-FA5B-4DE8-8047-BE9B73F9D402}"
EndProject
Project("{9A19103F-16F7-4668-BE54-9A1E7A4F7556}") = "Avesta.Model", "src\Avesta.Model\Avesta.Model.csproj", "{654D35CE-132E-413A-8822-1CD6CBE621B0}"
EndProject
Project("{9A19103F-16F7-4668-BE54-9A1E7A4F7556}") = "Avesta.MiddleWare", "src\Avesta.MiddleWare\Avesta.MiddleWare.csproj", "{88896146-FBBA-4EF1-8495-166E6208A109}"
EndProject
Project("{9A19103F-16F7-4668-BE54-9A1E7A4F7556}") = "Avesta.Services", "src\Avesta.Services\Avesta.Services.csproj", "{4F1F390D-43E5-45BF-88E9-DD39FB903A7B}"
EndProject
Project("{9A19103F-16F7-4668-BE54-9A1E7A4F7556}") = "Avesta.Repository", "src\Avesta.Repository\Avesta.Repository.csproj", "{7421EF0C-C940-4FCC-B41E-737E64B30E69}"
EndProject
Project("{9A19103F-16F7-4668-BE54-9A1E7A4F7556}") = "test", "test\test.csproj", "{95CB8D66-C95A-4603-A113-316D999E95E3}"
EndProject
Project("{9A19103F-16F7-4668-BE54-9A1E7A4F7556}") = "Avesta.Controller", "src\Avesta.Controller\Avesta.Controller.csproj", "{C6FE87AD-1C27-4D5F-A064-86F5148ECF15}"
EndProject
Project("{9A19103F-16F7-4668-BE54-9A1E7A4F7556}") = "Avesta.Auth", "src\Avesta.Auth\Avesta.Auth.csproj", "{E9C1FEB9-287D-4E49-BFD1-ADE592EE3EDB}"
EndProject
Project("{9A19103F-16F7-4668-BE54-9A1E7A4F7556}") = "Avesta.Data", "src\Avesta.Data\Avesta.Data.csproj", "{ED682EEF-4B8F-4795-B70C-29B0EA441DAB}"
EndProject
Project("{9A19103F-16F7-4668-BE54-9A1E7A4F7556}") = "Avesta.Mapper", "src\Avesta.Mapper\Avesta.Mapper.csproj", "{91D64C2D-6378-4309-BD64-704429A656DA}"
EndProject
Project("{9A19103F-16F7-4668-BE54-9A1E7A4F7556}") = "Avesta.Seed", "src\Avesta.Seed\Avesta.Seed.csproj", "{7CB326B5-C5C3-4709-BE5B-B1FF71F226F1}"
EndProject
Project("{9A19103F-16F7-4668-BE54-9A1E7A4F7556}") = "Avesta", "src\Avesta\Avesta.csproj", "{083B17B5-2BB6-4B06-A9EB-D35A7BEAD854}"
EndProject
Project("{9A19103F-16F7-4668-BE54-9A1E7A4F7556}") = "Avesta.CLI", "src\Avesta.CLI\Avesta.CLI.csproj", "{CE3F3B6E-DFF8-4EBE-AAB4-AB921133F73C}"
EndProject
Project("{9A19103F-16F7-4668-BE54-9A1E7A4F7556}") = "Avesta.HTTP", "src\Avesta.HTTP\Avesta.HTTP.csproj", "{8A86DEA8-137F-470F-B3F0-B9C9B259480B}"
EndProject
Project("{FAE04EC0-301F-11D3-BF4B-00C04F79EFBC}") = "Avesta.Web", "src\Avesta.Web\Avesta.Web.csproj", "{958B9A8D-EE79-4664-A1F4-8FFF74318EAF}"
EndProject
Global
	GlobalSection(SolutionConfigurationPlatforms) = preSolution
		Debug|Any CPU = Debug|Any CPU
		Release|Any CPU = Release|Any CPU
	EndGlobalSection
	GlobalSection(ProjectConfigurationPlatforms) = postSolution
		{6BEF4F01-926C-49AD-BA77-7887B836D20C}.Debug|Any CPU.ActiveCfg = Debug|Any CPU
		{6BEF4F01-926C-49AD-BA77-7887B836D20C}.Debug|Any CPU.Build.0 = Debug|Any CPU
		{6BEF4F01-926C-49AD-BA77-7887B836D20C}.Release|Any CPU.ActiveCfg = Release|Any CPU
		{6BEF4F01-926C-49AD-BA77-7887B836D20C}.Release|Any CPU.Build.0 = Release|Any CPU
		{952522C8-2A38-4611-8B3C-058B61570C2B}.Debug|Any CPU.ActiveCfg = Debug|Any CPU
		{952522C8-2A38-4611-8B3C-058B61570C2B}.Debug|Any CPU.Build.0 = Debug|Any CPU
		{952522C8-2A38-4611-8B3C-058B61570C2B}.Release|Any CPU.ActiveCfg = Release|Any CPU
		{952522C8-2A38-4611-8B3C-058B61570C2B}.Release|Any CPU.Build.0 = Release|Any CPU
		{21DD2961-4D64-49A9-AD7F-87811697D16C}.Debug|Any CPU.ActiveCfg = Debug|Any CPU
		{21DD2961-4D64-49A9-AD7F-87811697D16C}.Debug|Any CPU.Build.0 = Debug|Any CPU
		{21DD2961-4D64-49A9-AD7F-87811697D16C}.Release|Any CPU.ActiveCfg = Release|Any CPU
		{21DD2961-4D64-49A9-AD7F-87811697D16C}.Release|Any CPU.Build.0 = Release|Any CPU
		{320169B5-AF39-473E-8C9B-CD388C604262}.Debug|Any CPU.ActiveCfg = Debug|Any CPU
		{320169B5-AF39-473E-8C9B-CD388C604262}.Debug|Any CPU.Build.0 = Debug|Any CPU
		{320169B5-AF39-473E-8C9B-CD388C604262}.Release|Any CPU.ActiveCfg = Release|Any CPU
		{320169B5-AF39-473E-8C9B-CD388C604262}.Release|Any CPU.Build.0 = Release|Any CPU
		{39100705-F274-41FF-A6AB-25824D76DE27}.Debug|Any CPU.ActiveCfg = Debug|Any CPU
		{39100705-F274-41FF-A6AB-25824D76DE27}.Debug|Any CPU.Build.0 = Debug|Any CPU
		{39100705-F274-41FF-A6AB-25824D76DE27}.Release|Any CPU.ActiveCfg = Release|Any CPU
		{39100705-F274-41FF-A6AB-25824D76DE27}.Release|Any CPU.Build.0 = Release|Any CPU
		{AAA4BF49-DB16-451A-B3B8-3B2EE5FEB17F}.Debug|Any CPU.ActiveCfg = Debug|Any CPU
		{AAA4BF49-DB16-451A-B3B8-3B2EE5FEB17F}.Debug|Any CPU.Build.0 = Debug|Any CPU
		{AAA4BF49-DB16-451A-B3B8-3B2EE5FEB17F}.Release|Any CPU.ActiveCfg = Release|Any CPU
		{AAA4BF49-DB16-451A-B3B8-3B2EE5FEB17F}.Release|Any CPU.Build.0 = Release|Any CPU
		{91E06A84-FA5B-4DE8-8047-BE9B73F9D402}.Debug|Any CPU.ActiveCfg = Debug|Any CPU
		{91E06A84-FA5B-4DE8-8047-BE9B73F9D402}.Debug|Any CPU.Build.0 = Debug|Any CPU
		{91E06A84-FA5B-4DE8-8047-BE9B73F9D402}.Release|Any CPU.ActiveCfg = Release|Any CPU
		{91E06A84-FA5B-4DE8-8047-BE9B73F9D402}.Release|Any CPU.Build.0 = Release|Any CPU
		{654D35CE-132E-413A-8822-1CD6CBE621B0}.Debug|Any CPU.ActiveCfg = Debug|Any CPU
		{654D35CE-132E-413A-8822-1CD6CBE621B0}.Debug|Any CPU.Build.0 = Debug|Any CPU
		{654D35CE-132E-413A-8822-1CD6CBE621B0}.Release|Any CPU.ActiveCfg = Release|Any CPU
		{654D35CE-132E-413A-8822-1CD6CBE621B0}.Release|Any CPU.Build.0 = Release|Any CPU
		{88896146-FBBA-4EF1-8495-166E6208A109}.Debug|Any CPU.ActiveCfg = Debug|Any CPU
		{88896146-FBBA-4EF1-8495-166E6208A109}.Debug|Any CPU.Build.0 = Debug|Any CPU
		{88896146-FBBA-4EF1-8495-166E6208A109}.Release|Any CPU.ActiveCfg = Release|Any CPU
		{88896146-FBBA-4EF1-8495-166E6208A109}.Release|Any CPU.Build.0 = Release|Any CPU
		{4F1F390D-43E5-45BF-88E9-DD39FB903A7B}.Debug|Any CPU.ActiveCfg = Debug|Any CPU
		{4F1F390D-43E5-45BF-88E9-DD39FB903A7B}.Debug|Any CPU.Build.0 = Debug|Any CPU
		{4F1F390D-43E5-45BF-88E9-DD39FB903A7B}.Release|Any CPU.ActiveCfg = Release|Any CPU
		{4F1F390D-43E5-45BF-88E9-DD39FB903A7B}.Release|Any CPU.Build.0 = Release|Any CPU
		{7421EF0C-C940-4FCC-B41E-737E64B30E69}.Debug|Any CPU.ActiveCfg = Debug|Any CPU
		{7421EF0C-C940-4FCC-B41E-737E64B30E69}.Debug|Any CPU.Build.0 = Debug|Any CPU
		{7421EF0C-C940-4FCC-B41E-737E64B30E69}.Release|Any CPU.ActiveCfg = Release|Any CPU
		{7421EF0C-C940-4FCC-B41E-737E64B30E69}.Release|Any CPU.Build.0 = Release|Any CPU
		{95CB8D66-C95A-4603-A113-316D999E95E3}.Debug|Any CPU.ActiveCfg = Debug|Any CPU
		{95CB8D66-C95A-4603-A113-316D999E95E3}.Debug|Any CPU.Build.0 = Debug|Any CPU
		{95CB8D66-C95A-4603-A113-316D999E95E3}.Release|Any CPU.ActiveCfg = Release|Any CPU
		{95CB8D66-C95A-4603-A113-316D999E95E3}.Release|Any CPU.Build.0 = Release|Any CPU
		{C6FE87AD-1C27-4D5F-A064-86F5148ECF15}.Debug|Any CPU.ActiveCfg = Debug|Any CPU
		{C6FE87AD-1C27-4D5F-A064-86F5148ECF15}.Debug|Any CPU.Build.0 = Debug|Any CPU
		{C6FE87AD-1C27-4D5F-A064-86F5148ECF15}.Release|Any CPU.ActiveCfg = Release|Any CPU
		{C6FE87AD-1C27-4D5F-A064-86F5148ECF15}.Release|Any CPU.Build.0 = Release|Any CPU
		{E9C1FEB9-287D-4E49-BFD1-ADE592EE3EDB}.Debug|Any CPU.ActiveCfg = Debug|Any CPU
		{E9C1FEB9-287D-4E49-BFD1-ADE592EE3EDB}.Debug|Any CPU.Build.0 = Debug|Any CPU
		{E9C1FEB9-287D-4E49-BFD1-ADE592EE3EDB}.Release|Any CPU.ActiveCfg = Release|Any CPU
		{E9C1FEB9-287D-4E49-BFD1-ADE592EE3EDB}.Release|Any CPU.Build.0 = Release|Any CPU
		{ED682EEF-4B8F-4795-B70C-29B0EA441DAB}.Debug|Any CPU.ActiveCfg = Debug|Any CPU
		{ED682EEF-4B8F-4795-B70C-29B0EA441DAB}.Debug|Any CPU.Build.0 = Debug|Any CPU
		{ED682EEF-4B8F-4795-B70C-29B0EA441DAB}.Release|Any CPU.ActiveCfg = Release|Any CPU
		{ED682EEF-4B8F-4795-B70C-29B0EA441DAB}.Release|Any CPU.Build.0 = Release|Any CPU
		{91D64C2D-6378-4309-BD64-704429A656DA}.Debug|Any CPU.ActiveCfg = Debug|Any CPU
		{91D64C2D-6378-4309-BD64-704429A656DA}.Debug|Any CPU.Build.0 = Debug|Any CPU
		{91D64C2D-6378-4309-BD64-704429A656DA}.Release|Any CPU.ActiveCfg = Release|Any CPU
		{91D64C2D-6378-4309-BD64-704429A656DA}.Release|Any CPU.Build.0 = Release|Any CPU
		{7CB326B5-C5C3-4709-BE5B-B1FF71F226F1}.Debug|Any CPU.ActiveCfg = Debug|Any CPU
		{7CB326B5-C5C3-4709-BE5B-B1FF71F226F1}.Debug|Any CPU.Build.0 = Debug|Any CPU
		{7CB326B5-C5C3-4709-BE5B-B1FF71F226F1}.Release|Any CPU.ActiveCfg = Release|Any CPU
		{7CB326B5-C5C3-4709-BE5B-B1FF71F226F1}.Release|Any CPU.Build.0 = Release|Any CPU
		{083B17B5-2BB6-4B06-A9EB-D35A7BEAD854}.Debug|Any CPU.ActiveCfg = Debug|Any CPU
		{083B17B5-2BB6-4B06-A9EB-D35A7BEAD854}.Debug|Any CPU.Build.0 = Debug|Any CPU
		{083B17B5-2BB6-4B06-A9EB-D35A7BEAD854}.Release|Any CPU.ActiveCfg = Release|Any CPU
		{083B17B5-2BB6-4B06-A9EB-D35A7BEAD854}.Release|Any CPU.Build.0 = Release|Any CPU
		{CE3F3B6E-DFF8-4EBE-AAB4-AB921133F73C}.Debug|Any CPU.ActiveCfg = Debug|Any CPU
		{CE3F3B6E-DFF8-4EBE-AAB4-AB921133F73C}.Debug|Any CPU.Build.0 = Debug|Any CPU
		{CE3F3B6E-DFF8-4EBE-AAB4-AB921133F73C}.Release|Any CPU.ActiveCfg = Release|Any CPU
		{CE3F3B6E-DFF8-4EBE-AAB4-AB921133F73C}.Release|Any CPU.Build.0 = Release|Any CPU
		{8A86DEA8-137F-470F-B3F0-B9C9B259480B}.Debug|Any CPU.ActiveCfg = Debug|Any CPU
		{8A86DEA8-137F-470F-B3F0-B9C9B259480B}.Debug|Any CPU.Build.0 = Debug|Any CPU
		{8A86DEA8-137F-470F-B3F0-B9C9B259480B}.Release|Any CPU.ActiveCfg = Release|Any CPU
		{8A86DEA8-137F-470F-B3F0-B9C9B259480B}.Release|Any CPU.Build.0 = Release|Any CPU
		{EAF09A2B-0DCB-4D98-B586-CC0428125BAC}.Debug|Any CPU.ActiveCfg = Debug|Any CPU
		{EAF09A2B-0DCB-4D98-B586-CC0428125BAC}.Debug|Any CPU.Build.0 = Debug|Any CPU
		{EAF09A2B-0DCB-4D98-B586-CC0428125BAC}.Release|Any CPU.ActiveCfg = Release|Any CPU
		{EAF09A2B-0DCB-4D98-B586-CC0428125BAC}.Release|Any CPU.Build.0 = Release|Any CPU
		{958B9A8D-EE79-4664-A1F4-8FFF74318EAF}.Debug|Any CPU.ActiveCfg = Debug|Any CPU
		{958B9A8D-EE79-4664-A1F4-8FFF74318EAF}.Debug|Any CPU.Build.0 = Debug|Any CPU
		{958B9A8D-EE79-4664-A1F4-8FFF74318EAF}.Release|Any CPU.ActiveCfg = Release|Any CPU
		{958B9A8D-EE79-4664-A1F4-8FFF74318EAF}.Release|Any CPU.Build.0 = Release|Any CPU
	EndGlobalSection
	GlobalSection(SolutionProperties) = preSolution
		HideSolutionNode = FALSE
	EndGlobalSection
	GlobalSection(ExtensibilityGlobals) = postSolution
		SolutionGuid = {C62A6BB7-70CB-4A3D-8A23-934D5EA5B7EC}
	EndGlobalSection
	GlobalSection(NestedProjects) = preSolution
		{EAF09A2B-0DCB-4D98-B586-CC0428125BAC} = {4AAD8310-AB16-4B1B-84D4-ED3EE8742DC6}
		{958B9A8D-EE79-4664-A1F4-8FFF74318EAF} = {4AAD8310-AB16-4B1B-84D4-ED3EE8742DC6}
	EndGlobalSection
EndGlobal
